
Microsoft Visual Studio Solution File, Format Version 12.00
# Visual Studio Version 17
VisualStudioVersion = 17.14.36301.6
MinimumVisualStudioVersion = 10.0.40219.1
Project("{FAE04EC0-301F-11D3-BF4B-00C04F79EFBC}") = "AlloyEngine3D", "AlloyEngine3D.csproj", "{8BB09DC4-9862-4CA3-9D59-6332DD6B4A77}"
EndProject
Project("{FAE04EC0-301F-11D3-BF4B-00C04F79EFBC}") = "AlloyUser3D", "..\..\User-C#\AlloyEngine3D\AlloyUser3D\AlloyUser3D.csproj", "{CF7A24CF-DB2D-4A77-9C5E-135825B5CB88}"
EndProject
Project("{FAE04EC0-301F-11D3-BF4B-00C04F79EFBC}") = "AlloyShared", "..\..\Shared-C#\AlloyShared\AlloyShared.csproj", "{B0A9562D-68B3-4309-BC71-749B8881A8BD}"
EndProject
Global
	GlobalSection(SolutionConfigurationPlatforms) = preSolution
		Debug|Any CPU = Debug|Any CPU
		Release|Any CPU = Release|Any CPU
	EndGlobalSection
	GlobalSection(ProjectConfigurationPlatforms) = postSolution
		{8BB09DC4-9862-4CA3-9D59-6332DD6B4A77}.Debug|Any CPU.ActiveCfg = Debug|Any CPU
		{8BB09DC4-9862-4CA3-9D59-6332DD6B4A77}.Debug|Any CPU.Build.0 = Debug|Any CPU
		{8BB09DC4-9862-4CA3-9D59-6332DD6B4A77}.Release|Any CPU.ActiveCfg = Release|Any CPU
		{8BB09DC4-9862-4CA3-9D59-6332DD6B4A77}.Release|Any CPU.Build.0 = Release|Any CPU
		{CF7A24CF-DB2D-4A77-9C5E-135825B5CB88}.Debug|Any CPU.ActiveCfg = Debug|Any CPU
		{CF7A24CF-DB2D-4A77-9C5E-135825B5CB88}.Debug|Any CPU.Build.0 = Debug|Any CPU
		{CF7A24CF-DB2D-4A77-9C5E-135825B5CB88}.Release|Any CPU.ActiveCfg = Release|Any CPU
		{CF7A24CF-DB2D-4A77-9C5E-135825B5CB88}.Release|Any CPU.Build.0 = Release|Any CPU
		{B0A9562D-68B3-4309-BC71-749B8881A8BD}.Debug|Any CPU.ActiveCfg = Debug|Any CPU
		{B0A9562D-68B3-4309-BC71-749B8881A8BD}.Debug|Any CPU.Build.0 = Debug|Any CPU
		{B0A9562D-68B3-4309-BC71-749B8881A8BD}.Release|Any CPU.ActiveCfg = Release|Any CPU
		{B0A9562D-68B3-4309-BC71-749B8881A8BD}.Release|Any CPU.Build.0 = Release|Any CPU
	EndGlobalSection
	GlobalSection(SolutionProperties) = preSolution
		HideSolutionNode = FALSE
	EndGlobalSection
	GlobalSection(ExtensibilityGlobals) = postSolution
		SolutionGuid = {5151BAED-F4DF-408F-8A30-8838DA73F741}
	EndGlobalSection
EndGlobal
